// !$*UTF8*$!
{
	archiveVersion = 1;
	classes = {
	};
	objectVersion = 55;
	objects = {

/* Begin PBXBuildFile section */
		752A5E562750E3A20059114B /* SwiftyXMLParser in Frameworks */ = {isa = PBXBuildFile; productRef = 752A5E552750E3A20059114B /* SwiftyXMLParser */; };
		7532D4B1276A47B4000FB585 /* ListMap.storyboard in Resources */ = {isa = PBXBuildFile; fileRef = 7532D4B0276A47B4000FB585 /* ListMap.storyboard */; };
		7532D4B3276A4810000FB585 /* ListMapViewController.swift in Sources */ = {isa = PBXBuildFile; fileRef = 7532D4B2276A4810000FB585 /* ListMapViewController.swift */; };
		7534D51A2767C007009A4952 /* TabBarButton.xib in Resources */ = {isa = PBXBuildFile; fileRef = 7534D5192767C007009A4952 /* TabBarButton.xib */; };
		7534D51C2767C041009A4952 /* TabBarButton.swift in Sources */ = {isa = PBXBuildFile; fileRef = 7534D51B2767C041009A4952 /* TabBarButton.swift */; };
		753E851427476657007469D2 /* ListCategoryCollectionViewCell.swift in Sources */ = {isa = PBXBuildFile; fileRef = 753E851227476657007469D2 /* ListCategoryCollectionViewCell.swift */; };
		753E851527476657007469D2 /* ListCategoryCollectionViewCell.xib in Resources */ = {isa = PBXBuildFile; fileRef = 753E851327476657007469D2 /* ListCategoryCollectionViewCell.xib */; };
		753E85282747AF85007469D2 /* Localizable.strings in Resources */ = {isa = PBXBuildFile; fileRef = 753E852A2747AF85007469D2 /* Localizable.strings */; };
		753E852F2747B0B4007469D2 /* Localizable + Extention.swift in Sources */ = {isa = PBXBuildFile; fileRef = 753E852E2747B0B4007469D2 /* Localizable + Extention.swift */; };
		753E85322747B2C9007469D2 /* Constance.swift in Sources */ = {isa = PBXBuildFile; fileRef = 753E85312747B2C9007469D2 /* Constance.swift */; };
		7540895727828A4700012F92 /* SnapKit in Frameworks */ = {isa = PBXBuildFile; productRef = 7540895627828A4700012F92 /* SnapKit */; };
		75649718274CAD14000AD0CB /* HeritageListModel.swift in Sources */ = {isa = PBXBuildFile; fileRef = 75649717274CAD14000AD0CB /* HeritageListModel.swift */; };
		7564971E274D4553000AD0CB /* Realm in Frameworks */ = {isa = PBXBuildFile; productRef = 7564971D274D4553000AD0CB /* Realm */; };
		75649720274D4553000AD0CB /* RealmSwift in Frameworks */ = {isa = PBXBuildFile; productRef = 7564971F274D4553000AD0CB /* RealmSwift */; };
		75876562275541EE0025022E /* HeritageList.xml in Resources */ = {isa = PBXBuildFile; fileRef = 75876561275541EE0025022E /* HeritageList.xml */; };
		7590984E27B219EC0063E31B /* TabBarViewController.swift in Sources */ = {isa = PBXBuildFile; fileRef = 7590984D27B219EC0063E31B /* TabBarViewController.swift */; };
		7590985027B230980063E31B /* BaseViewController.swift in Sources */ = {isa = PBXBuildFile; fileRef = 7590984F27B230980063E31B /* BaseViewController.swift */; };
		759D321027861E7500F75EBD /* FirebaseAnalytics in Frameworks */ = {isa = PBXBuildFile; productRef = 759D320F27861E7500F75EBD /* FirebaseAnalytics */; };
		759D321227861E7500F75EBD /* FirebaseCrashlytics in Frameworks */ = {isa = PBXBuildFile; productRef = 759D321127861E7500F75EBD /* FirebaseCrashlytics */; };
		759D321427861E7500F75EBD /* FirebaseInstallations in Frameworks */ = {isa = PBXBuildFile; productRef = 759D321327861E7500F75EBD /* FirebaseInstallations */; };
		759D321627861E7500F75EBD /* FirebaseMessaging in Frameworks */ = {isa = PBXBuildFile; productRef = 759D321527861E7500F75EBD /* FirebaseMessaging */; };
		75A0492227550A0E00BA6214 /* FistViewController.swift in Sources */ = {isa = PBXBuildFile; fileRef = 75A0492127550A0E00BA6214 /* FistViewController.swift */; };
		75AEBF5E274631E900A5661D /* AppDelegate.swift in Sources */ = {isa = PBXBuildFile; fileRef = 75AEBF5D274631E900A5661D /* AppDelegate.swift */; };
		75AEBF60274631E900A5661D /* SceneDelegate.swift in Sources */ = {isa = PBXBuildFile; fileRef = 75AEBF5F274631E900A5661D /* SceneDelegate.swift */; };
		75AEBF62274631E900A5661D /* ViewController.swift in Sources */ = {isa = PBXBuildFile; fileRef = 75AEBF61274631E900A5661D /* ViewController.swift */; };
		75AEBF65274631E900A5661D /* Main.storyboard in Resources */ = {isa = PBXBuildFile; fileRef = 75AEBF63274631E900A5661D /* Main.storyboard */; };
		75AEBF67274631E900A5661D /* Assets.xcassets in Resources */ = {isa = PBXBuildFile; fileRef = 75AEBF66274631E900A5661D /* Assets.xcassets */; };
		75AEBF6A274631E900A5661D /* LaunchScreen.storyboard in Resources */ = {isa = PBXBuildFile; fileRef = 75AEBF68274631E900A5661D /* LaunchScreen.storyboard */; };
		75AEBF78274634FA00A5661D /* List.storyboard in Resources */ = {isa = PBXBuildFile; fileRef = 75AEBF77274634FA00A5661D /* List.storyboard */; };
		75AEBF7C2746375600A5661D /* ListTable.storyboard in Resources */ = {isa = PBXBuildFile; fileRef = 75AEBF7B2746375600A5661D /* ListTable.storyboard */; };
		75AEBF7E2746375C00A5661D /* ListDetail.storyboard in Resources */ = {isa = PBXBuildFile; fileRef = 75AEBF7D2746375C00A5661D /* ListDetail.storyboard */; };
		75AEBF8A2746385700A5661D /* Map.storyboard in Resources */ = {isa = PBXBuildFile; fileRef = 75AEBF892746385700A5661D /* Map.storyboard */; };
		75AEBF8C2746389900A5661D /* ListViewController.swift in Sources */ = {isa = PBXBuildFile; fileRef = 75AEBF8B2746389900A5661D /* ListViewController.swift */; };
		75AEBF90274638AD00A5661D /* ListTableViewController.swift in Sources */ = {isa = PBXBuildFile; fileRef = 75AEBF8F274638AD00A5661D /* ListTableViewController.swift */; };
		75AEBF92274638B500A5661D /* ListDetailViewController.swift in Sources */ = {isa = PBXBuildFile; fileRef = 75AEBF91274638B500A5661D /* ListDetailViewController.swift */; };
		75AEBF9E2746395E00A5661D /* MapViewController.swift in Sources */ = {isa = PBXBuildFile; fileRef = 75AEBF9D2746395E00A5661D /* MapViewController.swift */; };
		75AEBFA0274640F300A5661D /* Color + Extention.swift in Sources */ = {isa = PBXBuildFile; fileRef = 75AEBF9F274640F300A5661D /* Color + Extention.swift */; };
		75AEBFA2274641B900A5661D /* Font + Extention.swift in Sources */ = {isa = PBXBuildFile; fileRef = 75AEBFA1274641B900A5661D /* Font + Extention.swift */; };
		75AEBFA527464BE500A5661D /* MapoGoldenPier.otf in Resources */ = {isa = PBXBuildFile; fileRef = 75AEBFA327464BE500A5661D /* MapoGoldenPier.otf */; };
		75AEBFA627464BE500A5661D /* MapoFlowerIsland.otf in Resources */ = {isa = PBXBuildFile; fileRef = 75AEBFA427464BE500A5661D /* MapoFlowerIsland.otf */; };
		75AEBFA827464C0900A5661D /* Montserrat-Regular.ttf in Resources */ = {isa = PBXBuildFile; fileRef = 75AEBFA727464C0900A5661D /* Montserrat-Regular.ttf */; };
		75AEBFBB2746D89C00A5661D /* ListInformation.swift in Sources */ = {isa = PBXBuildFile; fileRef = 75AEBFBA2746D89C00A5661D /* ListInformation.swift */; };
		75AEBFBD2746D91900A5661D /* List.swift in Sources */ = {isa = PBXBuildFile; fileRef = 75AEBFBC2746D91900A5661D /* List.swift */; };
		75B40B77276C23C20046266D /* GoogleService-Info.plist in Resources */ = {isa = PBXBuildFile; fileRef = 75B40B76276C23C20046266D /* GoogleService-Info.plist */; };
		75BB049427564308005F4A44 /* Search.storyboard in Resources */ = {isa = PBXBuildFile; fileRef = 75BB049327564308005F4A44 /* Search.storyboard */; };
		75BB04962756451D005F4A44 /* ListUp.storyboard in Resources */ = {isa = PBXBuildFile; fileRef = 75BB04952756451D005F4A44 /* ListUp.storyboard */; };
		75BB0498275646FC005F4A44 /* SearchViewController.swift in Sources */ = {isa = PBXBuildFile; fileRef = 75BB0497275646FC005F4A44 /* SearchViewController.swift */; };
		75BB049A27564706005F4A44 /* ListUpViewController.swift in Sources */ = {isa = PBXBuildFile; fileRef = 75BB049927564706005F4A44 /* ListUpViewController.swift */; };
		75BB049C275656A2005F4A44 /* SearchTableViewCell.swift in Sources */ = {isa = PBXBuildFile; fileRef = 75BB049B275656A2005F4A44 /* SearchTableViewCell.swift */; };
		75BB049E27575EA7005F4A44 /* ListUpTableViewCell.swift in Sources */ = {isa = PBXBuildFile; fileRef = 75BB049D27575EA7005F4A44 /* ListUpTableViewCell.swift */; };
		75C11167274FFC0200ADFA78 /* StockCode.swift in Sources */ = {isa = PBXBuildFile; fileRef = 75C11166274FFC0200ADFA78 /* StockCode.swift */; };
		75C11169274FFFAA00ADFA78 /* StockCodeInformation.swift in Sources */ = {isa = PBXBuildFile; fileRef = 75C11168274FFFAA00ADFA78 /* StockCodeInformation.swift */; };
		75C1116B275001B300ADFA78 /* City.swift in Sources */ = {isa = PBXBuildFile; fileRef = 75C1116A275001B300ADFA78 /* City.swift */; };
		75C1116D275001DF00ADFA78 /* CityInformation.swift in Sources */ = {isa = PBXBuildFile; fileRef = 75C1116C275001DF00ADFA78 /* CityInformation.swift */; };
		75C7A8C6276E5596009EAEE9 /* PickerViewController.swift in Sources */ = {isa = PBXBuildFile; fileRef = 75C7A8C5276E5596009EAEE9 /* PickerViewController.swift */; };
		75CA4640277F707000C902E9 /* MapPinViewController.swift in Sources */ = {isa = PBXBuildFile; fileRef = 75CA463F277F707000C902E9 /* MapPinViewController.swift */; };
		75E1110A27645CFE00BA2C8D /* Label + Extention.swift in Sources */ = {isa = PBXBuildFile; fileRef = 75E1110927645CFE00BA2C8D /* Label + Extention.swift */; };
		75FB9849274942B200A3A28C /* ListTableViewCell.swift in Sources */ = {isa = PBXBuildFile; fileRef = 75FB9848274942B200A3A28C /* ListTableViewCell.swift */; };
		75FB985427495E7E00A3A28C /* Kingfisher in Frameworks */ = {isa = PBXBuildFile; productRef = 75FB985327495E7E00A3A28C /* Kingfisher */; };
/* End PBXBuildFile section */

/* Begin PBXFileReference section */
		7532D4B0276A47B4000FB585 /* ListMap.storyboard */ = {isa = PBXFileReference; lastKnownFileType = file.storyboard; path = ListMap.storyboard; sourceTree = "<group>"; };
		7532D4B2276A4810000FB585 /* ListMapViewController.swift */ = {isa = PBXFileReference; lastKnownFileType = sourcecode.swift; path = ListMapViewController.swift; sourceTree = "<group>"; };
		7534D5192767C007009A4952 /* TabBarButton.xib */ = {isa = PBXFileReference; lastKnownFileType = file.xib; path = TabBarButton.xib; sourceTree = "<group>"; };
		7534D51B2767C041009A4952 /* TabBarButton.swift */ = {isa = PBXFileReference; lastKnownFileType = sourcecode.swift; path = TabBarButton.swift; sourceTree = "<group>"; };
		753E851227476657007469D2 /* ListCategoryCollectionViewCell.swift */ = {isa = PBXFileReference; lastKnownFileType = sourcecode.swift; path = ListCategoryCollectionViewCell.swift; sourceTree = "<group>"; };
		753E851327476657007469D2 /* ListCategoryCollectionViewCell.xib */ = {isa = PBXFileReference; lastKnownFileType = file.xib; path = ListCategoryCollectionViewCell.xib; sourceTree = "<group>"; };
		753E85292747AF85007469D2 /* en */ = {isa = PBXFileReference; lastKnownFileType = text.plist.strings; name = en; path = en.lproj/Localizable.strings; sourceTree = "<group>"; };
		753E852B2747AF99007469D2 /* ko */ = {isa = PBXFileReference; lastKnownFileType = text.plist.strings; name = ko; path = ko.lproj/Localizable.strings; sourceTree = "<group>"; };
		753E852C2747AFA4007469D2 /* ja */ = {isa = PBXFileReference; lastKnownFileType = text.plist.strings; name = ja; path = ja.lproj/Localizable.strings; sourceTree = "<group>"; };
		753E852D2747AFAC007469D2 /* zh-Hans */ = {isa = PBXFileReference; lastKnownFileType = text.plist.strings; name = "zh-Hans"; path = "zh-Hans.lproj/Localizable.strings"; sourceTree = "<group>"; };
		753E852E2747B0B4007469D2 /* Localizable + Extention.swift */ = {isa = PBXFileReference; lastKnownFileType = sourcecode.swift; path = "Localizable + Extention.swift"; sourceTree = "<group>"; };
		753E85312747B2C9007469D2 /* Constance.swift */ = {isa = PBXFileReference; lastKnownFileType = sourcecode.swift; path = Constance.swift; sourceTree = "<group>"; };
		75649717274CAD14000AD0CB /* HeritageListModel.swift */ = {isa = PBXFileReference; lastKnownFileType = sourcecode.swift; path = HeritageListModel.swift; sourceTree = "<group>"; };
		75876561275541EE0025022E /* HeritageList.xml */ = {isa = PBXFileReference; fileEncoding = 4; lastKnownFileType = text.xml; name = HeritageList.xml; path = SeSAC.Heritage/HeritageList.xml; sourceTree = SOURCE_ROOT; };
		7590984D27B219EC0063E31B /* TabBarViewController.swift */ = {isa = PBXFileReference; lastKnownFileType = sourcecode.swift; path = TabBarViewController.swift; sourceTree = "<group>"; };
		7590984F27B230980063E31B /* BaseViewController.swift */ = {isa = PBXFileReference; lastKnownFileType = sourcecode.swift; path = BaseViewController.swift; sourceTree = "<group>"; };
		75A0492127550A0E00BA6214 /* FistViewController.swift */ = {isa = PBXFileReference; lastKnownFileType = sourcecode.swift; path = FistViewController.swift; sourceTree = "<group>"; };
		75AEBF5A274631E900A5661D /* SeSAC.Heritage.app */ = {isa = PBXFileReference; explicitFileType = wrapper.application; includeInIndex = 0; path = SeSAC.Heritage.app; sourceTree = BUILT_PRODUCTS_DIR; };
		75AEBF5D274631E900A5661D /* AppDelegate.swift */ = {isa = PBXFileReference; lastKnownFileType = sourcecode.swift; path = AppDelegate.swift; sourceTree = "<group>"; };
		75AEBF5F274631E900A5661D /* SceneDelegate.swift */ = {isa = PBXFileReference; lastKnownFileType = sourcecode.swift; path = SceneDelegate.swift; sourceTree = "<group>"; };
		75AEBF61274631E900A5661D /* ViewController.swift */ = {isa = PBXFileReference; lastKnownFileType = sourcecode.swift; path = ViewController.swift; sourceTree = "<group>"; };
		75AEBF64274631E900A5661D /* Base */ = {isa = PBXFileReference; lastKnownFileType = file.storyboard; name = Base; path = Base.lproj/Main.storyboard; sourceTree = "<group>"; };
		75AEBF66274631E900A5661D /* Assets.xcassets */ = {isa = PBXFileReference; lastKnownFileType = folder.assetcatalog; path = Assets.xcassets; sourceTree = "<group>"; };
		75AEBF69274631E900A5661D /* Base */ = {isa = PBXFileReference; lastKnownFileType = file.storyboard; name = Base; path = Base.lproj/LaunchScreen.storyboard; sourceTree = "<group>"; };
		75AEBF6B274631E900A5661D /* Info.plist */ = {isa = PBXFileReference; lastKnownFileType = text.plist.xml; path = Info.plist; sourceTree = "<group>"; };
		75AEBF77274634FA00A5661D /* List.storyboard */ = {isa = PBXFileReference; lastKnownFileType = file.storyboard; path = List.storyboard; sourceTree = "<group>"; };
		75AEBF7B2746375600A5661D /* ListTable.storyboard */ = {isa = PBXFileReference; lastKnownFileType = file.storyboard; path = ListTable.storyboard; sourceTree = "<group>"; };
		75AEBF7D2746375C00A5661D /* ListDetail.storyboard */ = {isa = PBXFileReference; lastKnownFileType = file.storyboard; path = ListDetail.storyboard; sourceTree = "<group>"; };
		75AEBF892746385700A5661D /* Map.storyboard */ = {isa = PBXFileReference; lastKnownFileType = file.storyboard; path = Map.storyboard; sourceTree = "<group>"; };
		75AEBF8B2746389900A5661D /* ListViewController.swift */ = {isa = PBXFileReference; lastKnownFileType = sourcecode.swift; path = ListViewController.swift; sourceTree = "<group>"; };
		75AEBF8F274638AD00A5661D /* ListTableViewController.swift */ = {isa = PBXFileReference; lastKnownFileType = sourcecode.swift; path = ListTableViewController.swift; sourceTree = "<group>"; };
		75AEBF91274638B500A5661D /* ListDetailViewController.swift */ = {isa = PBXFileReference; lastKnownFileType = sourcecode.swift; path = ListDetailViewController.swift; sourceTree = "<group>"; };
		75AEBF9D2746395E00A5661D /* MapViewController.swift */ = {isa = PBXFileReference; lastKnownFileType = sourcecode.swift; path = MapViewController.swift; sourceTree = "<group>"; };
		75AEBF9F274640F300A5661D /* Color + Extention.swift */ = {isa = PBXFileReference; lastKnownFileType = sourcecode.swift; path = "Color + Extention.swift"; sourceTree = "<group>"; };
		75AEBFA1274641B900A5661D /* Font + Extention.swift */ = {isa = PBXFileReference; lastKnownFileType = sourcecode.swift; path = "Font + Extention.swift"; sourceTree = "<group>"; };
		75AEBFA327464BE500A5661D /* MapoGoldenPier.otf */ = {isa = PBXFileReference; lastKnownFileType = file; path = MapoGoldenPier.otf; sourceTree = "<group>"; };
		75AEBFA427464BE500A5661D /* MapoFlowerIsland.otf */ = {isa = PBXFileReference; lastKnownFileType = file; path = MapoFlowerIsland.otf; sourceTree = "<group>"; };
		75AEBFA727464C0900A5661D /* Montserrat-Regular.ttf */ = {isa = PBXFileReference; lastKnownFileType = file; path = "Montserrat-Regular.ttf"; sourceTree = "<group>"; };
		75AEBFBA2746D89C00A5661D /* ListInformation.swift */ = {isa = PBXFileReference; lastKnownFileType = sourcecode.swift; path = ListInformation.swift; sourceTree = "<group>"; };
		75AEBFBC2746D91900A5661D /* List.swift */ = {isa = PBXFileReference; lastKnownFileType = sourcecode.swift; path = List.swift; sourceTree = "<group>"; };
		75B40B76276C23C20046266D /* GoogleService-Info.plist */ = {isa = PBXFileReference; fileEncoding = 4; lastKnownFileType = text.plist.xml; path = "GoogleService-Info.plist"; sourceTree = "<group>"; };
		75BB049327564308005F4A44 /* Search.storyboard */ = {isa = PBXFileReference; lastKnownFileType = file.storyboard; path = Search.storyboard; sourceTree = "<group>"; };
		75BB04952756451D005F4A44 /* ListUp.storyboard */ = {isa = PBXFileReference; lastKnownFileType = file.storyboard; path = ListUp.storyboard; sourceTree = "<group>"; };
		75BB0497275646FC005F4A44 /* SearchViewController.swift */ = {isa = PBXFileReference; lastKnownFileType = sourcecode.swift; path = SearchViewController.swift; sourceTree = "<group>"; };
		75BB049927564706005F4A44 /* ListUpViewController.swift */ = {isa = PBXFileReference; lastKnownFileType = sourcecode.swift; path = ListUpViewController.swift; sourceTree = "<group>"; };
		75BB049B275656A2005F4A44 /* SearchTableViewCell.swift */ = {isa = PBXFileReference; lastKnownFileType = sourcecode.swift; name = SearchTableViewCell.swift; path = SeSAC.Heritage/View/Search/Cell/SearchTableViewCell.swift; sourceTree = SOURCE_ROOT; };
		75BB049D27575EA7005F4A44 /* ListUpTableViewCell.swift */ = {isa = PBXFileReference; lastKnownFileType = sourcecode.swift; path = ListUpTableViewCell.swift; sourceTree = "<group>"; };
		75C11166274FFC0200ADFA78 /* StockCode.swift */ = {isa = PBXFileReference; lastKnownFileType = sourcecode.swift; path = StockCode.swift; sourceTree = "<group>"; };
		75C11168274FFFAA00ADFA78 /* StockCodeInformation.swift */ = {isa = PBXFileReference; lastKnownFileType = sourcecode.swift; path = StockCodeInformation.swift; sourceTree = "<group>"; };
		75C1116A275001B300ADFA78 /* City.swift */ = {isa = PBXFileReference; lastKnownFileType = sourcecode.swift; path = City.swift; sourceTree = "<group>"; };
		75C1116C275001DF00ADFA78 /* CityInformation.swift */ = {isa = PBXFileReference; lastKnownFileType = sourcecode.swift; path = CityInformation.swift; sourceTree = "<group>"; };
		75C7A8C5276E5596009EAEE9 /* PickerViewController.swift */ = {isa = PBXFileReference; lastKnownFileType = sourcecode.swift; path = PickerViewController.swift; sourceTree = "<group>"; };
		75CA463F277F707000C902E9 /* MapPinViewController.swift */ = {isa = PBXFileReference; lastKnownFileType = sourcecode.swift; path = MapPinViewController.swift; sourceTree = "<group>"; };
		75E1110927645CFE00BA2C8D /* Label + Extention.swift */ = {isa = PBXFileReference; lastKnownFileType = sourcecode.swift; path = "Label + Extention.swift"; sourceTree = "<group>"; };
		75E18E2E276AC5A10046B0F6 /* SeSAC.Heritage.entitlements */ = {isa = PBXFileReference; lastKnownFileType = text.plist.entitlements; path = SeSAC.Heritage.entitlements; sourceTree = "<group>"; };
		75FB9848274942B200A3A28C /* ListTableViewCell.swift */ = {isa = PBXFileReference; lastKnownFileType = sourcecode.swift; path = ListTableViewCell.swift; sourceTree = "<group>"; };
/* End PBXFileReference section */

/* Begin PBXFrameworksBuildPhase section */
		75AEBF57274631E900A5661D /* Frameworks */ = {
			isa = PBXFrameworksBuildPhase;
			buildActionMask = 2147483647;
			files = (
				759D321627861E7500F75EBD /* FirebaseMessaging in Frameworks */,
				7564971E274D4553000AD0CB /* Realm in Frameworks */,
				7540895727828A4700012F92 /* SnapKit in Frameworks */,
				759D321027861E7500F75EBD /* FirebaseAnalytics in Frameworks */,
				759D321427861E7500F75EBD /* FirebaseInstallations in Frameworks */,
				759D321227861E7500F75EBD /* FirebaseCrashlytics in Frameworks */,
				75649720274D4553000AD0CB /* RealmSwift in Frameworks */,
				752A5E562750E3A20059114B /* SwiftyXMLParser in Frameworks */,
				75FB985427495E7E00A3A28C /* Kingfisher in Frameworks */,
			);
			runOnlyForDeploymentPostprocessing = 0;
		};
/* End PBXFrameworksBuildPhase section */

/* Begin PBXGroup section */
		753E85192747851D007469D2 /* Localization */ = {
			isa = PBXGroup;
			children = (
				753E852A2747AF85007469D2 /* Localizable.strings */,
			);
			path = Localization;
			sourceTree = "<group>";
		};
		753E85302747B29A007469D2 /* APIManager */ = {
			isa = PBXGroup;
			children = (
				753E85312747B2C9007469D2 /* Constance.swift */,
			);
			path = APIManager;
			sourceTree = "<group>";
		};
		7590983927B213110063E31B /* View */ = {
			isa = PBXGroup;
			children = (
				7590983A27B214310063E31B /* List */,
				7590983B27B2143C0063E31B /* Search */,
				7590983C27B214430063E31B /* ListUp */,
				7590983D27B2149E0063E31B /* Map */,
				7534D51B2767C041009A4952 /* TabBarButton.swift */,
				7534D5192767C007009A4952 /* TabBarButton.xib */,
				7590984D27B219EC0063E31B /* TabBarViewController.swift */,
				7590984F27B230980063E31B /* BaseViewController.swift */,
			);
			path = View;
			sourceTree = "<group>";
		};
		7590983A27B214310063E31B /* List */ = {
			isa = PBXGroup;
			children = (
				7590984927B2191B0063E31B /* StoryBoard */,
				7590984727B218510063E31B /* Cell */,
				7590983E27B216210063E31B /* View */,
				7590983F27B216270063E31B /* ViewController */,
			);
			path = List;
			sourceTree = "<group>";
		};
		7590983B27B2143C0063E31B /* Search */ = {
			isa = PBXGroup;
			children = (
				7590984A27B2192F0063E31B /* StoryBoard */,
				7590984827B218840063E31B /* Cell */,
				7590984127B216400063E31B /* View */,
				7590984027B216370063E31B /* ViewController */,
			);
			path = Search;
			sourceTree = "<group>";
		};
		7590983C27B214430063E31B /* ListUp */ = {
			isa = PBXGroup;
			children = (
				7590984B27B2193C0063E31B /* StoryBoard */,
				7590984427B216F10063E31B /* View */,
				7590984227B216480063E31B /* ViewController */,
			);
			path = ListUp;
			sourceTree = "<group>";
		};
		7590983D27B2149E0063E31B /* Map */ = {
			isa = PBXGroup;
			children = (
				7590984C27B219420063E31B /* StoryBoard */,
				7590984627B217650063E31B /* View */,
				7590984527B216F90063E31B /* ViewController */,
			);
			path = Map;
			sourceTree = "<group>";
		};
		7590983E27B216210063E31B /* View */ = {
			isa = PBXGroup;
			children = (
			);
			path = View;
			sourceTree = "<group>";
		};
		7590983F27B216270063E31B /* ViewController */ = {
			isa = PBXGroup;
			children = (
				75AEBF8B2746389900A5661D /* ListViewController.swift */,
				75AEBF8F274638AD00A5661D /* ListTableViewController.swift */,
				75AEBF91274638B500A5661D /* ListDetailViewController.swift */,
				7532D4B2276A4810000FB585 /* ListMapViewController.swift */,
			);
			path = ViewController;
			sourceTree = "<group>";
		};
		7590984027B216370063E31B /* ViewController */ = {
			isa = PBXGroup;
			children = (
				75BB0497275646FC005F4A44 /* SearchViewController.swift */,
			);
			path = ViewController;
			sourceTree = "<group>";
		};
		7590984127B216400063E31B /* View */ = {
			isa = PBXGroup;
			children = (
			);
			path = View;
			sourceTree = "<group>";
		};
		7590984227B216480063E31B /* ViewController */ = {
			isa = PBXGroup;
			children = (
				75BB049927564706005F4A44 /* ListUpViewController.swift */,
			);
			path = ViewController;
			sourceTree = "<group>";
		};
		7590984427B216F10063E31B /* View */ = {
			isa = PBXGroup;
			children = (
			);
			path = View;
			sourceTree = "<group>";
		};
		7590984527B216F90063E31B /* ViewController */ = {
			isa = PBXGroup;
			children = (
				75C7A8C5276E5596009EAEE9 /* PickerViewController.swift */,
				75CA463F277F707000C902E9 /* MapPinViewController.swift */,
				75AEBF9D2746395E00A5661D /* MapViewController.swift */,
			);
			path = ViewController;
			sourceTree = "<group>";
		};
		7590984627B217650063E31B /* View */ = {
			isa = PBXGroup;
			children = (
			);
			path = View;
			sourceTree = "<group>";
		};
		7590984727B218510063E31B /* Cell */ = {
			isa = PBXGroup;
			children = (
				753E851227476657007469D2 /* ListCategoryCollectionViewCell.swift */,
				753E851327476657007469D2 /* ListCategoryCollectionViewCell.xib */,
				75FB9848274942B200A3A28C /* ListTableViewCell.swift */,
				75BB049D27575EA7005F4A44 /* ListUpTableViewCell.swift */,
			);
			path = Cell;
			sourceTree = "<group>";
		};
		7590984827B218840063E31B /* Cell */ = {
			isa = PBXGroup;
			children = (
				75BB049B275656A2005F4A44 /* SearchTableViewCell.swift */,
			);
			path = Cell;
			sourceTree = "<group>";
		};
		7590984927B2191B0063E31B /* StoryBoard */ = {
			isa = PBXGroup;
			children = (
				75AEBF77274634FA00A5661D /* List.storyboard */,
				75AEBF7B2746375600A5661D /* ListTable.storyboard */,
				75AEBF7D2746375C00A5661D /* ListDetail.storyboard */,
				7532D4B0276A47B4000FB585 /* ListMap.storyboard */,
			);
			path = StoryBoard;
			sourceTree = "<group>";
		};
		7590984A27B2192F0063E31B /* StoryBoard */ = {
			isa = PBXGroup;
			children = (
				75BB049327564308005F4A44 /* Search.storyboard */,
			);
			path = StoryBoard;
			sourceTree = "<group>";
		};
		7590984B27B2193C0063E31B /* StoryBoard */ = {
			isa = PBXGroup;
			children = (
				75BB04952756451D005F4A44 /* ListUp.storyboard */,
			);
			path = StoryBoard;
			sourceTree = "<group>";
		};
		7590984C27B219420063E31B /* StoryBoard */ = {
			isa = PBXGroup;
			children = (
				75AEBF892746385700A5661D /* Map.storyboard */,
			);
			path = StoryBoard;
			sourceTree = "<group>";
		};
		75AEBF51274631E900A5661D = {
			isa = PBXGroup;
			children = (
				75AEBF5C274631E900A5661D /* SeSAC.Heritage */,
				75AEBF5B274631E900A5661D /* Products */,
			);
			sourceTree = "<group>";
		};
		75AEBF5B274631E900A5661D /* Products */ = {
			isa = PBXGroup;
			children = (
				75AEBF5A274631E900A5661D /* SeSAC.Heritage.app */,
			);
			name = Products;
			sourceTree = "<group>";
		};
		75AEBF5C274631E900A5661D /* SeSAC.Heritage */ = {
			isa = PBXGroup;
			children = (
				75E18E2E276AC5A10046B0F6 /* SeSAC.Heritage.entitlements */,
				753E85192747851D007469D2 /* Localization */,
				75AEBFB92746D7A800A5661D /* Data */,
				75AEBF762746347F00A5661D /* Font */,
				75AEBF752746344900A5661D /* Extention */,
				753E85302747B29A007469D2 /* APIManager */,
				75AEBF742746343E00A5661D /* Model */,
				7590983927B213110063E31B /* View */,
				75AEBF5D274631E900A5661D /* AppDelegate.swift */,
				75AEBF5F274631E900A5661D /* SceneDelegate.swift */,
				75AEBF61274631E900A5661D /* ViewController.swift */,
				75A0492127550A0E00BA6214 /* FistViewController.swift */,
				75AEBF63274631E900A5661D /* Main.storyboard */,
				75876561275541EE0025022E /* HeritageList.xml */,
				75AEBF66274631E900A5661D /* Assets.xcassets */,
				75AEBF68274631E900A5661D /* LaunchScreen.storyboard */,
				75B40B76276C23C20046266D /* GoogleService-Info.plist */,
				75AEBF6B274631E900A5661D /* Info.plist */,
			);
			path = SeSAC.Heritage;
			sourceTree = "<group>";
		};
		75AEBF742746343E00A5661D /* Model */ = {
			isa = PBXGroup;
			children = (
				75649717274CAD14000AD0CB /* HeritageListModel.swift */,
			);
			path = Model;
			sourceTree = "<group>";
		};
		75AEBF752746344900A5661D /* Extention */ = {
			isa = PBXGroup;
			children = (
				75AEBF9F274640F300A5661D /* Color + Extention.swift */,
				75AEBFA1274641B900A5661D /* Font + Extention.swift */,
				753E852E2747B0B4007469D2 /* Localizable + Extention.swift */,
				75E1110927645CFE00BA2C8D /* Label + Extention.swift */,
			);
			path = Extention;
			sourceTree = "<group>";
		};
		75AEBF762746347F00A5661D /* Font */ = {
			isa = PBXGroup;
			children = (
				75AEBFA427464BE500A5661D /* MapoFlowerIsland.otf */,
				75AEBFA327464BE500A5661D /* MapoGoldenPier.otf */,
				75AEBFA727464C0900A5661D /* Montserrat-Regular.ttf */,
			);
			path = Font;
			sourceTree = "<group>";
		};
		75AEBFB92746D7A800A5661D /* Data */ = {
			isa = PBXGroup;
			children = (
				75AEBFBC2746D91900A5661D /* List.swift */,
				75AEBFBA2746D89C00A5661D /* ListInformation.swift */,
				75C11166274FFC0200ADFA78 /* StockCode.swift */,
				75C11168274FFFAA00ADFA78 /* StockCodeInformation.swift */,
				75C1116A275001B300ADFA78 /* City.swift */,
				75C1116C275001DF00ADFA78 /* CityInformation.swift */,
			);
			path = Data;
			sourceTree = "<group>";
		};
/* End PBXGroup section */

/* Begin PBXNativeTarget section */
		75AEBF59274631E900A5661D /* SeSAC.Heritage */ = {
			isa = PBXNativeTarget;
			buildConfigurationList = 75AEBF6E274631E900A5661D /* Build configuration list for PBXNativeTarget "SeSAC.Heritage" */;
			buildPhases = (
				75AEBF56274631E900A5661D /* Sources */,
				75AEBF57274631E900A5661D /* Frameworks */,
				75AEBF58274631E900A5661D /* Resources */,
				7534D5182767AE5C009A4952 /* Crashlytics Run Script */,
			);
			buildRules = (
			);
			dependencies = (
			);
			name = SeSAC.Heritage;
			packageProductDependencies = (
				75FB985327495E7E00A3A28C /* Kingfisher */,
				7564971D274D4553000AD0CB /* Realm */,
				7564971F274D4553000AD0CB /* RealmSwift */,
				752A5E552750E3A20059114B /* SwiftyXMLParser */,
				7540895627828A4700012F92 /* SnapKit */,
				759D320F27861E7500F75EBD /* FirebaseAnalytics */,
				759D321127861E7500F75EBD /* FirebaseCrashlytics */,
				759D321327861E7500F75EBD /* FirebaseInstallations */,
				759D321527861E7500F75EBD /* FirebaseMessaging */,
			);
			productName = SeSAC.Heritage;
			productReference = 75AEBF5A274631E900A5661D /* SeSAC.Heritage.app */;
			productType = "com.apple.product-type.application";
		};
/* End PBXNativeTarget section */

/* Begin PBXProject section */
		75AEBF52274631E900A5661D /* Project object */ = {
			isa = PBXProject;
			attributes = {
				BuildIndependentTargetsInParallel = 1;
				LastSwiftUpdateCheck = 1310;
				LastUpgradeCheck = 1310;
				TargetAttributes = {
					75AEBF59274631E900A5661D = {
						CreatedOnToolsVersion = 13.1;
					};
				};
			};
			buildConfigurationList = 75AEBF55274631E900A5661D /* Build configuration list for PBXProject "SeSAC.Heritage" */;
			compatibilityVersion = "Xcode 13.0";
			developmentRegion = en;
			hasScannedForEncodings = 0;
			knownRegions = (
				en,
				Base,
				ko,
				ja,
				"zh-Hans",
			);
			mainGroup = 75AEBF51274631E900A5661D;
			packageReferences = (
				75FB985227495E7E00A3A28C /* XCRemoteSwiftPackageReference "Kingfisher" */,
				7564971C274D4553000AD0CB /* XCRemoteSwiftPackageReference "realm-cocoa" */,
				752A5E542750E3A20059114B /* XCRemoteSwiftPackageReference "SwiftyXMLParser" */,
				7540895527828A4700012F92 /* XCRemoteSwiftPackageReference "SnapKit" */,
				759D320E27861E7500F75EBD /* XCRemoteSwiftPackageReference "firebase-ios-sdk" */,
			);
			productRefGroup = 75AEBF5B274631E900A5661D /* Products */;
			projectDirPath = "";
			projectRoot = "";
			targets = (
				75AEBF59274631E900A5661D /* SeSAC.Heritage */,
			);
		};
/* End PBXProject section */

/* Begin PBXResourcesBuildPhase section */
		75AEBF58274631E900A5661D /* Resources */ = {
			isa = PBXResourcesBuildPhase;
			buildActionMask = 2147483647;
			files = (
				75AEBFA827464C0900A5661D /* Montserrat-Regular.ttf in Resources */,
				7532D4B1276A47B4000FB585 /* ListMap.storyboard in Resources */,
				75AEBF6A274631E900A5661D /* LaunchScreen.storyboard in Resources */,
				75AEBFA627464BE500A5661D /* MapoFlowerIsland.otf in Resources */,
				753E85282747AF85007469D2 /* Localizable.strings in Resources */,
				75AEBFA527464BE500A5661D /* MapoGoldenPier.otf in Resources */,
				753E851527476657007469D2 /* ListCategoryCollectionViewCell.xib in Resources */,
				75876562275541EE0025022E /* HeritageList.xml in Resources */,
				75AEBF67274631E900A5661D /* Assets.xcassets in Resources */,
				75AEBF78274634FA00A5661D /* List.storyboard in Resources */,
				75AEBF7E2746375C00A5661D /* ListDetail.storyboard in Resources */,
				75B40B77276C23C20046266D /* GoogleService-Info.plist in Resources */,
				75AEBF7C2746375600A5661D /* ListTable.storyboard in Resources */,
				7534D51A2767C007009A4952 /* TabBarButton.xib in Resources */,
				75BB04962756451D005F4A44 /* ListUp.storyboard in Resources */,
				75AEBF65274631E900A5661D /* Main.storyboard in Resources */,
				75BB049427564308005F4A44 /* Search.storyboard in Resources */,
				75AEBF8A2746385700A5661D /* Map.storyboard in Resources */,
			);
			runOnlyForDeploymentPostprocessing = 0;
		};
/* End PBXResourcesBuildPhase section */

/* Begin PBXShellScriptBuildPhase section */
		7534D5182767AE5C009A4952 /* Crashlytics Run Script */ = {
			isa = PBXShellScriptBuildPhase;
			buildActionMask = 2147483647;
			files = (
			);
			inputFileListPaths = (
			);
			inputPaths = (
				"$(SRCROOT)/$(BUILT_PRODUCTS_DIR)/$(INFOPLIST_PATH)",
				"${DWARF_DSYM_FOLDER_PATH}/${DWARF_DSYM_FILE_NAME}/Contents/Resources/DWARF/${TARGET_NAME}",
			);
			name = "Crashlytics Run Script";
			outputFileListPaths = (
			);
			outputPaths = (
			);
			runOnlyForDeploymentPostprocessing = 0;
			shellPath = /bin/sh;
			shellScript = "# Type a script or drag a script file from your workspace to insert its path.\n${BUILD_DIR%Build/*}SourcePackages/checkouts/firebase-ios-sdk/Crashlytics/run\n";
		};
/* End PBXShellScriptBuildPhase section */

/* Begin PBXSourcesBuildPhase section */
		75AEBF56274631E900A5661D /* Sources */ = {
			isa = PBXSourcesBuildPhase;
			buildActionMask = 2147483647;
			files = (
				753E851427476657007469D2 /* ListCategoryCollectionViewCell.swift in Sources */,
				753E852F2747B0B4007469D2 /* Localizable + Extention.swift in Sources */,
				75AEBF62274631E900A5661D /* ViewController.swift in Sources */,
				75AEBF92274638B500A5661D /* ListDetailViewController.swift in Sources */,
				75AEBFBD2746D91900A5661D /* List.swift in Sources */,
				75C11167274FFC0200ADFA78 /* StockCode.swift in Sources */,
				75AEBF5E274631E900A5661D /* AppDelegate.swift in Sources */,
				75C7A8C6276E5596009EAEE9 /* PickerViewController.swift in Sources */,
				753E85322747B2C9007469D2 /* Constance.swift in Sources */,
				75CA4640277F707000C902E9 /* MapPinViewController.swift in Sources */,
				7590984E27B219EC0063E31B /* TabBarViewController.swift in Sources */,
				75FB9849274942B200A3A28C /* ListTableViewCell.swift in Sources */,
				75AEBF9E2746395E00A5661D /* MapViewController.swift in Sources */,
				7590985027B230980063E31B /* BaseViewController.swift in Sources */,
				75BB0498275646FC005F4A44 /* SearchViewController.swift in Sources */,
				75649718274CAD14000AD0CB /* HeritageListModel.swift in Sources */,
				7532D4B3276A4810000FB585 /* ListMapViewController.swift in Sources */,
				75E1110A27645CFE00BA2C8D /* Label + Extention.swift in Sources */,
				75BB049A27564706005F4A44 /* ListUpViewController.swift in Sources */,
				75AEBF90274638AD00A5661D /* ListTableViewController.swift in Sources */,
				75A0492227550A0E00BA6214 /* FistViewController.swift in Sources */,
				75AEBFA0274640F300A5661D /* Color + Extention.swift in Sources */,
				75AEBFBB2746D89C00A5661D /* ListInformation.swift in Sources */,
				75C11169274FFFAA00ADFA78 /* StockCodeInformation.swift in Sources */,
				75BB049E27575EA7005F4A44 /* ListUpTableViewCell.swift in Sources */,
				75AEBF8C2746389900A5661D /* ListViewController.swift in Sources */,
				75C1116B275001B300ADFA78 /* City.swift in Sources */,
				75AEBFA2274641B900A5661D /* Font + Extention.swift in Sources */,
				75AEBF60274631E900A5661D /* SceneDelegate.swift in Sources */,
				7534D51C2767C041009A4952 /* TabBarButton.swift in Sources */,
				75BB049C275656A2005F4A44 /* SearchTableViewCell.swift in Sources */,
				75C1116D275001DF00ADFA78 /* CityInformation.swift in Sources */,
			);
			runOnlyForDeploymentPostprocessing = 0;
		};
/* End PBXSourcesBuildPhase section */

/* Begin PBXVariantGroup section */
		753E852A2747AF85007469D2 /* Localizable.strings */ = {
			isa = PBXVariantGroup;
			children = (
				753E85292747AF85007469D2 /* en */,
				753E852B2747AF99007469D2 /* ko */,
				753E852C2747AFA4007469D2 /* ja */,
				753E852D2747AFAC007469D2 /* zh-Hans */,
			);
			name = Localizable.strings;
			sourceTree = "<group>";
		};
		75AEBF63274631E900A5661D /* Main.storyboard */ = {
			isa = PBXVariantGroup;
			children = (
				75AEBF64274631E900A5661D /* Base */,
			);
			name = Main.storyboard;
			sourceTree = "<group>";
		};
		75AEBF68274631E900A5661D /* LaunchScreen.storyboard */ = {
			isa = PBXVariantGroup;
			children = (
				75AEBF69274631E900A5661D /* Base */,
			);
			name = LaunchScreen.storyboard;
			sourceTree = "<group>";
		};
/* End PBXVariantGroup section */

/* Begin XCBuildConfiguration section */
		75AEBF6C274631E900A5661D /* Debug */ = {
			isa = XCBuildConfiguration;
			buildSettings = {
				ALWAYS_SEARCH_USER_PATHS = NO;
				CLANG_ANALYZER_LOCALIZABILITY_NONLOCALIZED = YES;
				CLANG_ANALYZER_NONNULL = YES;
				CLANG_ANALYZER_NUMBER_OBJECT_CONVERSION = YES_AGGRESSIVE;
				CLANG_CXX_LANGUAGE_STANDARD = "gnu++17";
				CLANG_CXX_LIBRARY = "libc++";
				CLANG_ENABLE_MODULES = YES;
				CLANG_ENABLE_OBJC_ARC = YES;
				CLANG_ENABLE_OBJC_WEAK = YES;
				CLANG_WARN_BLOCK_CAPTURE_AUTORELEASING = YES;
				CLANG_WARN_BOOL_CONVERSION = YES;
				CLANG_WARN_COMMA = YES;
				CLANG_WARN_CONSTANT_CONVERSION = YES;
				CLANG_WARN_DEPRECATED_OBJC_IMPLEMENTATIONS = YES;
				CLANG_WARN_DIRECT_OBJC_ISA_USAGE = YES_ERROR;
				CLANG_WARN_DOCUMENTATION_COMMENTS = YES;
				CLANG_WARN_EMPTY_BODY = YES;
				CLANG_WARN_ENUM_CONVERSION = YES;
				CLANG_WARN_INFINITE_RECURSION = YES;
				CLANG_WARN_INT_CONVERSION = YES;
				CLANG_WARN_NON_LITERAL_NULL_CONVERSION = YES;
				CLANG_WARN_OBJC_IMPLICIT_RETAIN_SELF = YES;
				CLANG_WARN_OBJC_LITERAL_CONVERSION = YES;
				CLANG_WARN_OBJC_ROOT_CLASS = YES_ERROR;
				CLANG_WARN_QUOTED_INCLUDE_IN_FRAMEWORK_HEADER = YES;
				CLANG_WARN_RANGE_LOOP_ANALYSIS = YES;
				CLANG_WARN_STRICT_PROTOTYPES = YES;
				CLANG_WARN_SUSPICIOUS_MOVE = YES;
				CLANG_WARN_UNGUARDED_AVAILABILITY = YES_AGGRESSIVE;
				CLANG_WARN_UNREACHABLE_CODE = YES;
				CLANG_WARN__DUPLICATE_METHOD_MATCH = YES;
				COPY_PHASE_STRIP = NO;
				DEBUG_INFORMATION_FORMAT = dwarf;
				ENABLE_STRICT_OBJC_MSGSEND = YES;
				ENABLE_TESTABILITY = YES;
				GCC_C_LANGUAGE_STANDARD = gnu11;
				GCC_DYNAMIC_NO_PIC = NO;
				GCC_NO_COMMON_BLOCKS = YES;
				GCC_OPTIMIZATION_LEVEL = 0;
				GCC_PREPROCESSOR_DEFINITIONS = (
					"DEBUG=1",
					"$(inherited)",
				);
				GCC_WARN_64_TO_32_BIT_CONVERSION = YES;
				GCC_WARN_ABOUT_RETURN_TYPE = YES_ERROR;
				GCC_WARN_UNDECLARED_SELECTOR = YES;
				GCC_WARN_UNINITIALIZED_AUTOS = YES_AGGRESSIVE;
				GCC_WARN_UNUSED_FUNCTION = YES;
				GCC_WARN_UNUSED_VARIABLE = YES;
				IPHONEOS_DEPLOYMENT_TARGET = 14.0;
				MTL_ENABLE_DEBUG_INFO = INCLUDE_SOURCE;
				MTL_FAST_MATH = YES;
				ONLY_ACTIVE_ARCH = YES;
				SDKROOT = iphoneos;
				SWIFT_ACTIVE_COMPILATION_CONDITIONS = DEBUG;
				SWIFT_OPTIMIZATION_LEVEL = "-Onone";
			};
			name = Debug;
		};
		75AEBF6D274631E900A5661D /* Release */ = {
			isa = XCBuildConfiguration;
			buildSettings = {
				ALWAYS_SEARCH_USER_PATHS = NO;
				CLANG_ANALYZER_LOCALIZABILITY_NONLOCALIZED = YES;
				CLANG_ANALYZER_NONNULL = YES;
				CLANG_ANALYZER_NUMBER_OBJECT_CONVERSION = YES_AGGRESSIVE;
				CLANG_CXX_LANGUAGE_STANDARD = "gnu++17";
				CLANG_CXX_LIBRARY = "libc++";
				CLANG_ENABLE_MODULES = YES;
				CLANG_ENABLE_OBJC_ARC = YES;
				CLANG_ENABLE_OBJC_WEAK = YES;
				CLANG_WARN_BLOCK_CAPTURE_AUTORELEASING = YES;
				CLANG_WARN_BOOL_CONVERSION = YES;
				CLANG_WARN_COMMA = YES;
				CLANG_WARN_CONSTANT_CONVERSION = YES;
				CLANG_WARN_DEPRECATED_OBJC_IMPLEMENTATIONS = YES;
				CLANG_WARN_DIRECT_OBJC_ISA_USAGE = YES_ERROR;
				CLANG_WARN_DOCUMENTATION_COMMENTS = YES;
				CLANG_WARN_EMPTY_BODY = YES;
				CLANG_WARN_ENUM_CONVERSION = YES;
				CLANG_WARN_INFINITE_RECURSION = YES;
				CLANG_WARN_INT_CONVERSION = YES;
				CLANG_WARN_NON_LITERAL_NULL_CONVERSION = YES;
				CLANG_WARN_OBJC_IMPLICIT_RETAIN_SELF = YES;
				CLANG_WARN_OBJC_LITERAL_CONVERSION = YES;
				CLANG_WARN_OBJC_ROOT_CLASS = YES_ERROR;
				CLANG_WARN_QUOTED_INCLUDE_IN_FRAMEWORK_HEADER = YES;
				CLANG_WARN_RANGE_LOOP_ANALYSIS = YES;
				CLANG_WARN_STRICT_PROTOTYPES = YES;
				CLANG_WARN_SUSPICIOUS_MOVE = YES;
				CLANG_WARN_UNGUARDED_AVAILABILITY = YES_AGGRESSIVE;
				CLANG_WARN_UNREACHABLE_CODE = YES;
				CLANG_WARN__DUPLICATE_METHOD_MATCH = YES;
				COPY_PHASE_STRIP = NO;
				DEBUG_INFORMATION_FORMAT = "dwarf-with-dsym";
				ENABLE_NS_ASSERTIONS = NO;
				ENABLE_STRICT_OBJC_MSGSEND = YES;
				GCC_C_LANGUAGE_STANDARD = gnu11;
				GCC_NO_COMMON_BLOCKS = YES;
				GCC_WARN_64_TO_32_BIT_CONVERSION = YES;
				GCC_WARN_ABOUT_RETURN_TYPE = YES_ERROR;
				GCC_WARN_UNDECLARED_SELECTOR = YES;
				GCC_WARN_UNINITIALIZED_AUTOS = YES_AGGRESSIVE;
				GCC_WARN_UNUSED_FUNCTION = YES;
				GCC_WARN_UNUSED_VARIABLE = YES;
				IPHONEOS_DEPLOYMENT_TARGET = 14.0;
				MTL_ENABLE_DEBUG_INFO = NO;
				MTL_FAST_MATH = YES;
				SDKROOT = iphoneos;
				SWIFT_COMPILATION_MODE = wholemodule;
				SWIFT_OPTIMIZATION_LEVEL = "-O";
				VALIDATE_PRODUCT = YES;
			};
			name = Release;
		};
		75AEBF6F274631E900A5661D /* Debug */ = {
			isa = XCBuildConfiguration;
			buildSettings = {
				ASSETCATALOG_COMPILER_APPICON_NAME = AppIcon;
				ASSETCATALOG_COMPILER_GLOBAL_ACCENT_COLOR_NAME = AccentColor;
				CODE_SIGN_ENTITLEMENTS = SeSAC.Heritage/SeSAC.Heritage.entitlements;
				CODE_SIGN_STYLE = Automatic;
				CURRENT_PROJECT_VERSION = 1;
				DEBUG_INFORMATION_FORMAT = "dwarf-with-dsym";
				DEVELOPMENT_TEAM = 83R5US8PK8;
				GENERATE_INFOPLIST_FILE = YES;
				INFOPLIST_FILE = SeSAC.Heritage/Info.plist;
				INFOPLIST_KEY_CFBundleDisplayName = JHeritage;
				INFOPLIST_KEY_NSLocationAlwaysAndWhenInUseUsageDescription = "사용자의 위치 확인을 위해 허용해주세요.";
				INFOPLIST_KEY_NSLocationWhenInUseUsageDescription = "현재 위치를 알기 위해 이 권한이 필요합니다.";
				INFOPLIST_KEY_NSUserTrackingUsageDescription = "앱의 안전성 및 최적화 활동을 확인하기 위해 확인해주세요.";
				INFOPLIST_KEY_UIApplicationSupportsIndirectInputEvents = YES;
				INFOPLIST_KEY_UILaunchStoryboardName = LaunchScreen;
				INFOPLIST_KEY_UIMainStoryboardFile = Main;
				INFOPLIST_KEY_UISupportedInterfaceOrientations = UIInterfaceOrientationPortrait;
				INFOPLIST_KEY_UISupportedInterfaceOrientations_iPad = "UIInterfaceOrientationPortrait UIInterfaceOrientationPortraitUpsideDown UIInterfaceOrientationLandscapeLeft UIInterfaceOrientationLandscapeRight";
				INFOPLIST_KEY_UISupportedInterfaceOrientations_iPhone = "UIInterfaceOrientationPortrait UIInterfaceOrientationLandscapeLeft UIInterfaceOrientationLandscapeRight";
				LD_RUNPATH_SEARCH_PATHS = (
					"$(inherited)",
					"@executable_path/Frameworks",
				);
				MARKETING_VERSION = 1.0.2;
				OTHER_LDFLAGS = "-ObjC";
				PRODUCT_BUNDLE_IDENTIFIER = "com.SSAC.SeSAC-Heritage";
				PRODUCT_NAME = "$(TARGET_NAME)";
				SWIFT_EMIT_LOC_STRINGS = YES;
				SWIFT_VERSION = 5.0;
				TARGETED_DEVICE_FAMILY = 1;
			};
			name = Debug;
		};
		75AEBF70274631E900A5661D /* Release */ = {
			isa = XCBuildConfiguration;
			buildSettings = {
				ASSETCATALOG_COMPILER_APPICON_NAME = AppIcon;
				ASSETCATALOG_COMPILER_GLOBAL_ACCENT_COLOR_NAME = AccentColor;
				CODE_SIGN_ENTITLEMENTS = SeSAC.Heritage/SeSAC.Heritage.entitlements;
				CODE_SIGN_STYLE = Automatic;
				CURRENT_PROJECT_VERSION = 1;
				DEVELOPMENT_TEAM = 83R5US8PK8;
				GENERATE_INFOPLIST_FILE = YES;
				INFOPLIST_FILE = SeSAC.Heritage/Info.plist;
				INFOPLIST_KEY_CFBundleDisplayName = JHeritage;
				INFOPLIST_KEY_NSLocationAlwaysAndWhenInUseUsageDescription = "사용자의 위치 확인을 위해 허용해주세요.";
				INFOPLIST_KEY_NSLocationWhenInUseUsageDescription = "현재 위치를 알기 위해 이 권한이 필요합니다.";
				INFOPLIST_KEY_NSUserTrackingUsageDescription = "앱의 안전성 및 최적화 활동을 확인하기 위해 확인해주세요.";
				INFOPLIST_KEY_UIApplicationSupportsIndirectInputEvents = YES;
				INFOPLIST_KEY_UILaunchStoryboardName = LaunchScreen;
				INFOPLIST_KEY_UIMainStoryboardFile = Main;
				INFOPLIST_KEY_UISupportedInterfaceOrientations = UIInterfaceOrientationPortrait;
				INFOPLIST_KEY_UISupportedInterfaceOrientations_iPad = "UIInterfaceOrientationPortrait UIInterfaceOrientationPortraitUpsideDown UIInterfaceOrientationLandscapeLeft UIInterfaceOrientationLandscapeRight";
				INFOPLIST_KEY_UISupportedInterfaceOrientations_iPhone = "UIInterfaceOrientationPortrait UIInterfaceOrientationLandscapeLeft UIInterfaceOrientationLandscapeRight";
				LD_RUNPATH_SEARCH_PATHS = (
					"$(inherited)",
					"@executable_path/Frameworks",
				);
				MARKETING_VERSION = 1.0.2;
				OTHER_LDFLAGS = "-ObjC";
				PRODUCT_BUNDLE_IDENTIFIER = "com.SSAC.SeSAC-Heritage";
				PRODUCT_NAME = "$(TARGET_NAME)";
				SWIFT_EMIT_LOC_STRINGS = YES;
				SWIFT_VERSION = 5.0;
				TARGETED_DEVICE_FAMILY = 1;
			};
			name = Release;
		};
/* End XCBuildConfiguration section */

/* Begin XCConfigurationList section */
		75AEBF55274631E900A5661D /* Build configuration list for PBXProject "SeSAC.Heritage" */ = {
			isa = XCConfigurationList;
			buildConfigurations = (
				75AEBF6C274631E900A5661D /* Debug */,
				75AEBF6D274631E900A5661D /* Release */,
			);
			defaultConfigurationIsVisible = 0;
			defaultConfigurationName = Release;
		};
		75AEBF6E274631E900A5661D /* Build configuration list for PBXNativeTarget "SeSAC.Heritage" */ = {
			isa = XCConfigurationList;
			buildConfigurations = (
				75AEBF6F274631E900A5661D /* Debug */,
				75AEBF70274631E900A5661D /* Release */,
			);
			defaultConfigurationIsVisible = 0;
			defaultConfigurationName = Release;
		};
/* End XCConfigurationList section */

/* Begin XCRemoteSwiftPackageReference section */
		752A5E542750E3A20059114B /* XCRemoteSwiftPackageReference "SwiftyXMLParser" */ = {
			isa = XCRemoteSwiftPackageReference;
			repositoryURL = "https://github.com/yahoojapan/SwiftyXMLParser.git";
			requirement = {
				kind = upToNextMajorVersion;
				minimumVersion = 5.0.0;
			};
		};
		7540895527828A4700012F92 /* XCRemoteSwiftPackageReference "SnapKit" */ = {
			isa = XCRemoteSwiftPackageReference;
			repositoryURL = "https://github.com/SnapKit/SnapKit.git";
			requirement = {
				branch = develop;
				kind = branch;
			};
		};
		7564971C274D4553000AD0CB /* XCRemoteSwiftPackageReference "realm-cocoa" */ = {
			isa = XCRemoteSwiftPackageReference;
			repositoryURL = "https://github.com/realm/realm-cocoa.git";
			requirement = {
				kind = exactVersion;
				version = 10.20.0;
			};
		};
		759D320E27861E7500F75EBD /* XCRemoteSwiftPackageReference "firebase-ios-sdk" */ = {
			isa = XCRemoteSwiftPackageReference;
			repositoryURL = "https://github.com/firebase/firebase-ios-sdk.git";
			requirement = {
				kind = upToNextMajorVersion;
				minimumVersion = 8.0.0;
			};
		};
		75FB985227495E7E00A3A28C /* XCRemoteSwiftPackageReference "Kingfisher" */ = {
			isa = XCRemoteSwiftPackageReference;
			repositoryURL = "https://github.com/onevcat/Kingfisher.git";
			requirement = {
				branch = master;
				kind = branch;
			};
		};
/* End XCRemoteSwiftPackageReference section */

/* Begin XCSwiftPackageProductDependency section */
		752A5E552750E3A20059114B /* SwiftyXMLParser */ = {
			isa = XCSwiftPackageProductDependency;
			package = 752A5E542750E3A20059114B /* XCRemoteSwiftPackageReference "SwiftyXMLParser" */;
			productName = SwiftyXMLParser;
		};
		7540895627828A4700012F92 /* SnapKit */ = {
			isa = XCSwiftPackageProductDependency;
			package = 7540895527828A4700012F92 /* XCRemoteSwiftPackageReference "SnapKit" */;
			productName = SnapKit;
		};
		7564971D274D4553000AD0CB /* Realm */ = {
			isa = XCSwiftPackageProductDependency;
			package = 7564971C274D4553000AD0CB /* XCRemoteSwiftPackageReference "realm-cocoa" */;
			productName = Realm;
		};
		7564971F274D4553000AD0CB /* RealmSwift */ = {
			isa = XCSwiftPackageProductDependency;
			package = 7564971C274D4553000AD0CB /* XCRemoteSwiftPackageReference "realm-cocoa" */;
			productName = RealmSwift;
		};
		759D320F27861E7500F75EBD /* FirebaseAnalytics */ = {
			isa = XCSwiftPackageProductDependency;
			package = 759D320E27861E7500F75EBD /* XCRemoteSwiftPackageReference "firebase-ios-sdk" */;
			productName = FirebaseAnalytics;
		};
		759D321127861E7500F75EBD /* FirebaseCrashlytics */ = {
			isa = XCSwiftPackageProductDependency;
			package = 759D320E27861E7500F75EBD /* XCRemoteSwiftPackageReference "firebase-ios-sdk" */;
			productName = FirebaseCrashlytics;
		};
		759D321327861E7500F75EBD /* FirebaseInstallations */ = {
			isa = XCSwiftPackageProductDependency;
			package = 759D320E27861E7500F75EBD /* XCRemoteSwiftPackageReference "firebase-ios-sdk" */;
			productName = FirebaseInstallations;
		};
		759D321527861E7500F75EBD /* FirebaseMessaging */ = {
			isa = XCSwiftPackageProductDependency;
			package = 759D320E27861E7500F75EBD /* XCRemoteSwiftPackageReference "firebase-ios-sdk" */;
			productName = FirebaseMessaging;
		};
		75FB985327495E7E00A3A28C /* Kingfisher */ = {
			isa = XCSwiftPackageProductDependency;
			package = 75FB985227495E7E00A3A28C /* XCRemoteSwiftPackageReference "Kingfisher" */;
			productName = Kingfisher;
		};
/* End XCSwiftPackageProductDependency section */
	};
	rootObject = 75AEBF52274631E900A5661D /* Project object */;
}
